# Generated by qedgen — do not edit by hand.
# Tracks the resolved snapshot of every dep declared in qed.toml.

version = 1

[[dependency]]
name = "registry"
source = "path:imports/registry"
spec_hash = "sha256:2e26de9b813410565f5e896a7aa2f6865011f160117ebbed82658f7a6b05866e"
program_id = "11111111111111111111111111111111"
imported_account_type_names = "State"
