# Generated by qedgen — do not edit by hand.
# Tracks the resolved snapshot of every dep declared in qed.toml.

version = 1

[[dependency]]
name = "spl_token"
source = "path:../../../interfaces/spl_token.qedspec"
spec_hash = "sha256:8fde6661e038b2755715a1a4e717999b42bd1b1a82dbdbf1343c20c9b0c2bb96"
program_id = "TokenkegQfeZyiNwAJbNbGKPFXCWuBvf9Ss623VQ5DA"
upstream_version = "4.0.3"
