# Generated by qedgen — do not edit by hand.
# Tracks the resolved snapshot of every dep declared in qed.toml.

version = 1

[[dependency]]
name = "spl"
source = "builtin:spl"
spec_hash = "sha256:5d99132da0384275bc5dced955549db8de53afe6a097c8f508bd0f6dfc1bedf8"
program_id = "TokenkegQfeZyiNwAJbNbGKPFXCWuBvf9Ss623VQ5DA"
upstream_binary_hash = "sha256:8190d3f7ceb6cb7a7a8d8924bff89f9f611e15ce1f806f2b6237f3311a98f697"
upstream_version = "4.0.3"
verified = true
proof_hash = "sha256:9ac644d3090b94b0eb9393bf600dcbe79a8e788b636a5dfae36d73ad257a8c78"
